{
  "name": "ON-CBT",
  "lockfileVersion": 3,
  "requires": true,
  "packages": {
    "": {
      "dependencies": {
        "create-next-app": "^16.0.7"
      }
    },
    "node_modules/create-next-app": {
      "version": "16.0.7",
      "resolved": "https://registry.npmjs.org/create-next-app/-/create-next-app-16.0.7.tgz",
      "integrity": "sha512-FM3jkh8qMSFD9nC6P1+CWkpRJ0ZVEuQ2emAxFDHE4qBtCzgd3ES7+09hyeBEMr7ltkChXqTar9WQtwSPznwQ6Q==",
      "bin": {
        "create-next-app": "dist/index.js"
      },
      "engines": {
        "node": ">=20.9.0"
      }
    }
  }
}
